// !$*UTF8*$!
{
	archiveVersion = 1;
	classes = {
	};
	objectVersion = 48;
	objects = {

/* Begin PBXBuildFile section */
		6565359C1FCE5E5D00B16D6B /* AppDelegate.swift in Sources */ = {isa = PBXBuildFile; fileRef = 6565359B1FCE5E5D00B16D6B /* AppDelegate.swift */; };
		6565359E1FCE5E5D00B16D6B /* ViewController.swift in Sources */ = {isa = PBXBuildFile; fileRef = 6565359D1FCE5E5D00B16D6B /* ViewController.swift */; };
		656535A11FCE5E5D00B16D6B /* Main.storyboard in Resources */ = {isa = PBXBuildFile; fileRef = 6565359F1FCE5E5D00B16D6B /* Main.storyboard */; };
		656535A31FCE5E5D00B16D6B /* Assets.xcassets in Resources */ = {isa = PBXBuildFile; fileRef = 656535A21FCE5E5D00B16D6B /* Assets.xcassets */; };
		656535A61FCE5E5D00B16D6B /* LaunchScreen.storyboard in Resources */ = {isa = PBXBuildFile; fileRef = 656535A41FCE5E5D00B16D6B /* LaunchScreen.storyboard */; };
/* End PBXBuildFile section */

/* Begin PBXFileReference section */
		656535981FCE5E5D00B16D6B /* windowShopper.app */ = {isa = PBXFileReference; explicitFileType = wrapper.application; includeInIndex = 0; path = windowShopper.app; sourceTree = BUILT_PRODUCTS_DIR; };
		6565359B1FCE5E5D00B16D6B /* AppDelegate.swift */ = {isa = PBXFileReference; lastKnownFileType = sourcecode.swift; path = AppDelegate.swift; sourceTree = "<group>"; };
		6565359D1FCE5E5D00B16D6B /* ViewController.swift */ = {isa = PBXFileReference; lastKnownFileType = sourcecode.swift; path = ViewController.swift; sourceTree = "<group>"; };
		656535A01FCE5E5D00B16D6B /* Base */ = {isa = PBXFileReference; lastKnownFileType = file.storyboard; name = Base; path = Base.lproj/Main.storyboard; sourceTree = "<group>"; };
		656535A21FCE5E5D00B16D6B /* Assets.xcassets */ = {isa = PBXFileReference; lastKnownFileType = folder.assetcatalog; path = Assets.xcassets; sourceTree = "<group>"; };
		656535A51FCE5E5D00B16D6B /* Base */ = {isa = PBXFileReference; lastKnownFileType = file.storyboard; name = Base; path = Base.lproj/LaunchScreen.storyboard; sourceTree = "<group>"; };
		656535A71FCE5E5D00B16D6B /* Info.plist */ = {isa = PBXFileReference; lastKnownFileType = text.plist.xml; path = Info.plist; sourceTree = "<group>"; };
/* End PBXFileReference section */

/* Begin PBXFrameworksBuildPhase section */
		656535951FCE5E5D00B16D6B /* Frameworks */ = {
			isa = PBXFrameworksBuildPhase;
			buildActionMask = 2147483647;
			files = (
			);
			runOnlyForDeploymentPostprocessing = 0;
		};
/* End PBXFrameworksBuildPhase section */

/* Begin PBXGroup section */
		6565358F1FCE5E5D00B16D6B = {
			isa = PBXGroup;
			children = (
				6565359A1FCE5E5D00B16D6B /* windowShopper */,
				656535991FCE5E5D00B16D6B /* Products */,
			);
			sourceTree = "<group>";
		};
		656535991FCE5E5D00B16D6B /* Products */ = {
			isa = PBXGroup;
			children = (
				656535981FCE5E5D00B16D6B /* windowShopper.app */,
			);
			name = Products;
			sourceTree = "<group>";
		};
		6565359A1FCE5E5D00B16D6B /* windowShopper */ = {
			isa = PBXGroup;
			children = (
				6565359B1FCE5E5D00B16D6B /* AppDelegate.swift */,
				6565359D1FCE5E5D00B16D6B /* ViewController.swift */,
				6565359F1FCE5E5D00B16D6B /* Main.storyboard */,
				656535A21FCE5E5D00B16D6B /* Assets.xcassets */,
				656535A41FCE5E5D00B16D6B /* LaunchScreen.storyboard */,
				656535A71FCE5E5D00B16D6B /* Info.plist */,
			);
			path = windowShopper;
			sourceTree = "<group>";
		};
/* End PBXGroup section */

/* Begin PBXNativeTarget section */
		656535971FCE5E5D00B16D6B /* windowShopper */ = {
			isa = PBXNativeTarget;
			buildConfigurationList = 656535AA1FCE5E5D00B16D6B /* Build configuration list for PBXNativeTarget "windowShopper" */;
			buildPhases = (
				656535941FCE5E5D00B16D6B /* Sources */,
				656535951FCE5E5D00B16D6B /* Frameworks */,
				656535961FCE5E5D00B16D6B /* Resources */,
			);
			buildRules = (
			);
			dependencies = (
			);
			name = windowShopper;
			productName = windowShopper;
			productReference = 656535981FCE5E5D00B16D6B /* windowShopper.app */;
			productType = "com.apple.product-type.application";
		};
/* End PBXNativeTarget section */

/* Begin PBXProject section */
		656535901FCE5E5D00B16D6B /* Project object */ = {
			isa = PBXProject;
			attributes = {
				LastSwiftUpdateCheck = 0910;
				LastUpgradeCheck = 0910;
				ORGANIZATIONNAME = "Ravi Maru";
				TargetAttributes = {
					656535971FCE5E5D00B16D6B = {
						CreatedOnToolsVersion = 9.1;
						ProvisioningStyle = Automatic;
					};
				};
			};
			buildConfigurationList = 656535931FCE5E5D00B16D6B /* Build configuration list for PBXProject "windowShopper" */;
			compatibilityVersion = "Xcode 8.0";
			developmentRegion = en;
			hasScannedForEncodings = 0;
			knownRegions = (
				en,
				Base,
			);
			mainGroup = 6565358F1FCE5E5D00B16D6B;
			productRefGroup = 656535991FCE5E5D00B16D6B /* Products */;
			projectDirPath = "";
			projectRoot = "";
			targets = (
				656535971FCE5E5D00B16D6B /* windowShopper */,
			);
		};
/* End PBXProject section */

/* Begin PBXResourcesBuildPhase section */
		656535961FCE5E5D00B16D6B /* Resources */ = {
			isa = PBXResourcesBuildPhase;
			buildActionMask = 2147483647;
			files = (
				656535A61FCE5E5D00B16D6B /* LaunchScreen.storyboard in Resources */,
				656535A31FCE5E5D00B16D6B /* Assets.xcassets in Resources */,
				656535A11FCE5E5D00B16D6B /* Main.storyboard in Resources */,
			);
			runOnlyForDeploymentPostprocessing = 0;
		};
/* End PBXResourcesBuildPhase section */

/* Begin PBXSourcesBuildPhase section */
		656535941FCE5E5D00B16D6B /* Sources */ = {
			isa = PBXSourcesBuildPhase;
			buildActionMask = 2147483647;
			files = (
				6565359E1FCE5E5D00B16D6B /* ViewController.swift in Sources */,
				6565359C1FCE5E5D00B16D6B /* AppDelegate.swift in Sources */,
			);
			runOnlyForDeploymentPostprocessing = 0;
		};
/* End PBXSourcesBuildPhase section */

/* Begin PBXVariantGroup section */
		6565359F1FCE5E5D00B16D6B /* Main.storyboard */ = {
			isa = PBXVariantGroup;
			children = (
				656535A01FCE5E5D00B16D6B /* Base */,
			);
			name = Main.storyboard;
			sourceTree = "<group>";
		};
		656535A41FCE5E5D00B16D6B /* LaunchScreen.storyboard */ = {
			isa = PBXVariantGroup;
			children = (
				656535A51FCE5E5D00B16D6B /* Base */,
			);
			name = LaunchScreen.storyboard;
			sourceTree = "<group>";
		};
/* End PBXVariantGroup section */

/* Begin XCBuildConfiguration section */
		656535A81FCE5E5D00B16D6B /* Debug */ = {
			isa = XCBuildConfiguration;
			buildSettings = {
				ALWAYS_SEARCH_USER_PATHS = NO;
				CLANG_ANALYZER_NONNULL = YES;
				CLANG_ANALYZER_NUMBER_OBJECT_CONVERSION = YES_AGGRESSIVE;
				CLANG_CXX_LANGUAGE_STANDARD = "gnu++14";
				CLANG_CXX_LIBRARY = "libc++";
				CLANG_ENABLE_MODULES = YES;
				CLANG_ENABLE_OBJC_ARC = YES;
				CLANG_WARN_BLOCK_CAPTURE_AUTORELEASING = YES;
				CLANG_WARN_BOOL_CONVERSION = YES;
				CLANG_WARN_COMMA = YES;
				CLANG_WARN_CONSTANT_CONVERSION = YES;
				CLANG_WARN_DIRECT_OBJC_ISA_USAGE = YES_ERROR;
				CLANG_WARN_DOCUMENTATION_COMMENTS = YES;
				CLANG_WARN_EMPTY_BODY = YES;
				CLANG_WARN_ENUM_CONVERSION = YES;
				CLANG_WARN_INFINITE_RECURSION = YES;
				CLANG_WARN_INT_CONVERSION = YES;
				CLANG_WARN_NON_LITERAL_NULL_CONVERSION = YES;
				CLANG_WARN_OBJC_LITERAL_CONVERSION = YES;
				CLANG_WARN_OBJC_ROOT_CLASS = YES_ERROR;
				CLANG_WARN_RANGE_LOOP_ANALYSIS = YES;
				CLANG_WARN_STRICT_PROTOTYPES = YES;
				CLANG_WARN_SUSPICIOUS_MOVE = YES;
				CLANG_WARN_UNGUARDED_AVAILABILITY = YES_AGGRESSIVE;
				CLANG_WARN_UNREACHABLE_CODE = YES;
				CLANG_WARN__DUPLICATE_METHOD_MATCH = YES;
				CODE_SIGN_IDENTITY = "iPhone Developer";
				COPY_PHASE_STRIP = NO;
				DEBUG_INFORMATION_FORMAT = dwarf;
				ENABLE_STRICT_OBJC_MSGSEND = YES;
				ENABLE_TESTABILITY = YES;
				GCC_C_LANGUAGE_STANDARD = gnu11;
				GCC_DYNAMIC_NO_PIC = NO;
				GCC_NO_COMMON_BLOCKS = YES;
				GCC_OPTIMIZATION_LEVEL = 0;
				GCC_PREPROCESSOR_DEFINITIONS = (
					"DEBUG=1",
					"$(inherited)",
				);
				GCC_WARN_64_TO_32_BIT_CONVERSION = YES;
				GCC_WARN_ABOUT_RETURN_TYPE = YES_ERROR;
				GCC_WARN_UNDECLARED_SELECTOR = YES;
				GCC_WARN_UNINITIALIZED_AUTOS = YES_AGGRESSIVE;
				GCC_WARN_UNUSED_FUNCTION = YES;
				GCC_WARN_UNUSED_VARIABLE = YES;
				IPHONEOS_DEPLOYMENT_TARGET = 11.1;
				MTL_ENABLE_DEBUG_INFO = YES;
				ONLY_ACTIVE_ARCH = YES;
				SDKROOT = iphoneos;
				SWIFT_ACTIVE_COMPILATION_CONDITIONS = DEBUG;
				SWIFT_OPTIMIZATION_LEVEL = "-Onone";
			};
			name = Debug;
		};
		656535A91FCE5E5D00B16D6B /* Release */ = {
			isa = XCBuildConfiguration;
			buildSettings = {
				ALWAYS_SEARCH_USER_PATHS = NO;
				CLANG_ANALYZER_NONNULL = YES;
				CLANG_ANALYZER_NUMBER_OBJECT_CONVERSION = YES_AGGRESSIVE;
				CLANG_CXX_LANGUAGE_STANDARD = "gnu++14";
				CLANG_CXX_LIBRARY = "libc++";
				CLANG_ENABLE_MODULES = YES;
				CLANG_ENABLE_OBJC_ARC = YES;
				CLANG_WARN_BLOCK_CAPTURE_AUTORELEASING = YES;
				CLANG_WARN_BOOL_CONVERSION = YES;
				CLANG_WARN_COMMA = YES;
				CLANG_WARN_CONSTANT_CONVERSION = YES;
				CLANG_WARN_DIRECT_OBJC_ISA_USAGE = YES_ERROR;
				CLANG_WARN_DOCUMENTATION_COMMENTS = YES;
				CLANG_WARN_EMPTY_BODY = YES;
				CLANG_WARN_ENUM_CONVERSION = YES;
				CLANG_WARN_INFINITE_RECURSION = YES;
				CLANG_WARN_INT_CONVERSION = YES;
				CLANG_WARN_NON_LITERAL_NULL_CONVERSION = YES;
				CLANG_WARN_OBJC_LITERAL_CONVERSION = YES;
				CLANG_WARN_OBJC_ROOT_CLASS = YES_ERROR;
				CLANG_WARN_RANGE_LOOP_ANALYSIS = YES;
				CLANG_WARN_STRICT_PROTOTYPES = YES;
				CLANG_WARN_SUSPICIOUS_MOVE = YES;
				CLANG_WARN_UNGUARDED_AVAILABILITY = YES_AGGRESSIVE;
				CLANG_WARN_UNREACHABLE_CODE = YES;
				CLANG_WARN__DUPLICATE_METHOD_MATCH = YES;
				CODE_SIGN_IDENTITY = "iPhone Developer";
				COPY_PHASE_STRIP = NO;
				DEBUG_INFORMATION_FORMAT = "dwarf-with-dsym";
				ENABLE_NS_ASSERTIONS = NO;
				ENABLE_STRICT_OBJC_MSGSEND = YES;
				GCC_C_LANGUAGE_STANDARD = gnu11;
				GCC_NO_COMMON_BLOCKS = YES;
				GCC_WARN_64_TO_32_BIT_CONVERSION = YES;
				GCC_WARN_ABOUT_RETURN_TYPE = YES_ERROR;
				GCC_WARN_UNDECLARED_SELECTOR = YES;
				GCC_WARN_UNINITIALIZED_AUTOS = YES_AGGRESSIVE;
				GCC_WARN_UNUSED_FUNCTION = YES;
				GCC_WARN_UNUSED_VARIABLE = YES;
				IPHONEOS_DEPLOYMENT_TARGET = 11.1;
				MTL_ENABLE_DEBUG_INFO = NO;
				SDKROOT = iphoneos;
				SWIFT_OPTIMIZATION_LEVEL = "-Owholemodule";
				VALIDATE_PRODUCT = YES;
			};
			name = Release;
		};
		656535AB1FCE5E5D00B16D6B /* Debug */ = {
			isa = XCBuildConfiguration;
			buildSettings = {
				ASSETCATALOG_COMPILER_APPICON_NAME = AppIcon;
				CODE_SIGN_STYLE = Automatic;
				DEVELOPMENT_TEAM = K8R5T924CQ;
				INFOPLIST_FILE = windowShopper/Info.plist;
				LD_RUNPATH_SEARCH_PATHS = "$(inherited) @executable_path/Frameworks";
				PRODUCT_BUNDLE_IDENTIFIER = com.marucoding.windowShopper;
				PRODUCT_NAME = "$(TARGET_NAME)";
				SWIFT_VERSION = 4.0;
				TARGETED_DEVICE_FAMILY = "1,2";
			};
			name = Debug;
		};
		656535AC1FCE5E5D00B16D6B /* Release */ = {
			isa = XCBuildConfiguration;
			buildSettings = {
				ASSETCATALOG_COMPILER_APPICON_NAME = AppIcon;
				CODE_SIGN_STYLE = Automatic;
				DEVELOPMENT_TEAM = K8R5T924CQ;
				INFOPLIST_FILE = windowShopper/Info.plist;
				LD_RUNPATH_SEARCH_PATHS = "$(inherited) @executable_path/Frameworks";
				PRODUCT_BUNDLE_IDENTIFIER = com.marucoding.windowShopper;
				PRODUCT_NAME = "$(TARGET_NAME)";
				SWIFT_VERSION = 4.0;
				TARGETED_DEVICE_FAMILY = "1,2";
			};
			name = Release;
		};
/* End XCBuildConfiguration section */

/* Begin XCConfigurationList section */
		656535931FCE5E5D00B16D6B /* Build configuration list for PBXProject "windowShopper" */ = {
			isa = XCConfigurationList;
			buildConfigurations = (
				656535A81FCE5E5D00B16D6B /* Debug */,
				656535A91FCE5E5D00B16D6B /* Release */,
			);
			defaultConfigurationIsVisible = 0;
			defaultConfigurationName = Release;
		};
		656535AA1FCE5E5D00B16D6B /* Build configuration list for PBXNativeTarget "windowShopper" */ = {
			isa = XCConfigurationList;
			buildConfigurations = (
				656535AB1FCE5E5D00B16D6B /* Debug */,
				656535AC1FCE5E5D00B16D6B /* Release */,
			);
			defaultConfigurationIsVisible = 0;
			defaultConfigurationName = Release;
		};
/* End XCConfigurationList section */
	};
	rootObject = 656535901FCE5E5D00B16D6B /* Project object */;
}
